# @generated by Move, please check-in and do not edit manually.

[move]
version = 3
manifest_digest = "83163B5E17B35A533B8EB68052A38E7B64C6FC967B66AC764772A8DE1A373D2F"
deps_digest = "F9B494B64F0615AED0E98FC12A85B85ECD2BC5185C22D30E7F67786BB52E507C"
dependencies = [
  { id = "Bridge", name = "Bridge" },
  { id = "MoveStdlib", name = "MoveStdlib" },
  { id = "Sui", name = "Sui" },
  { id = "SuiSystem", name = "SuiSystem" },
]

[[move.package]]
id = "Bridge"
source = { git = "https://github.com/MystenLabs/sui.git", rev = "f63c9fc78e2171fa174dc43e757ded416c204558", subdir = "crates/sui-framework/packages/bridge" }

dependencies = [
  { id = "MoveStdlib", name = "MoveStdlib" },
  { id = "Sui", name = "Sui" },
  { id = "SuiSystem", name = "SuiSystem" },
]

[[move.package]]
id = "MoveStdlib"
source = { git = "https://github.com/MystenLabs/sui.git", rev = "f63c9fc78e2171fa174dc43e757ded416c204558", subdir = "crates/sui-framework/packages/move-stdlib" }

[[move.package]]
id = "Sui"
source = { git = "https://github.com/MystenLabs/sui.git", rev = "f63c9fc78e2171fa174dc43e757ded416c204558", subdir = "crates/sui-framework/packages/sui-framework" }

dependencies = [
  { id = "MoveStdlib", name = "MoveStdlib" },
]

[[move.package]]
id = "SuiSystem"
source = { git = "https://github.com/MystenLabs/sui.git", rev = "f63c9fc78e2171fa174dc43e757ded416c204558", subdir = "crates/sui-framework/packages/sui-system" }

dependencies = [
  { id = "MoveStdlib", name = "MoveStdlib" },
  { id = "Sui", name = "Sui" },
]

[move.toolchain-version]
compiler-version = "1.58.0"
edition = "2024.beta"
flavor = "sui"

[env]

[env.localnet]
chain-id = "ae6867a2"
original-published-id = "0x5bc404beadfe059e84bc54afadee5030fb04a1821045f497da6f2227ec70ff6e"
latest-published-id = "0x5bc404beadfe059e84bc54afadee5030fb04a1821045f497da6f2227ec70ff6e"
published-version = "1"

[env.testnet]
chain-id = "4c78adac"
original-published-id = "0xf6d761634d4665b5186c48795343a7acc4badd1904e9e3c0df1db81baa4744b5"
latest-published-id = "0x62b9100755f45fbe0fe8a07c3bfb6c67bc7bdf0913ead684ca20582fe406f6a8"
published-version = "6"
